<?xml version="1.0" encoding="UTF-8" standalone="yes" ?>
<CodeBlocks_project_file>
	<FileVersion major="1" minor="6" />
	<Project>
		<Option title="Pcs" />
		<Option pch_mode="2" />
		<Option compiler="gcc" />
		<Build>
			<Target title="Debug">
				<Option output="bin/Debug/Pcs" prefix_auto="1" extension_auto="1" />
				<Option object_output="obj/Debug/" />
				<Option type="1" />
				<Option compiler="gcc" />
				<Compiler>
					<Add option="-g" />
					<Add directory="../classes" />
				</Compiler>
				<Linker>
					<Add directory="../classes/Eigen" />
					<Add directory="../classes" />
				</Linker>
			</Target>
			<Target title="Release">
				<Option output="bin/Release/Pcs" prefix_auto="1" extension_auto="1" />
				<Option object_output="obj/Release/" />
				<Option type="1" />
				<Option compiler="gcc" />
				<Compiler>
					<Add option="-O2" />
				</Compiler>
				<Linker>
					<Add option="-s" />
				</Linker>
			</Target>
		</Build>
		<Compiler>
			<Add option="-Wall" />
			<Add option="-fexceptions" />
		</Compiler>
		<Unit filename="../classes/ConfigFile.cpp" />
		<Unit filename="../classes/ConfigFile.hpp" />
		<Unit filename="../classes/Cutter3D.cpp" />
		<Unit filename="../classes/Cutter3D.hpp" />
		<Unit filename="../classes/DefineNumbers.hpp" />
		<Unit filename="../classes/Domain3D.cpp" />
		<Unit filename="../classes/Domain3D.hpp" />
		<Unit filename="../classes/Eigen/src/Cholesky/LDLT.h" />
		<Unit filename="../classes/Eigen/src/Cholesky/LLT.h" />
		<Unit filename="../classes/Eigen/src/Cholesky/LLT_LAPACKE.h" />
		<Unit filename="../classes/Eigen/src/CholmodSupport/CholmodSupport.h" />
		<Unit filename="../classes/Eigen/src/Core/Array.h" />
		<Unit filename="../classes/Eigen/src/Core/ArrayBase.h" />
		<Unit filename="../classes/Eigen/src/Core/ArrayWrapper.h" />
		<Unit filename="../classes/Eigen/src/Core/Assign.h" />
		<Unit filename="../classes/Eigen/src/Core/AssignEvaluator.h" />
		<Unit filename="../classes/Eigen/src/Core/Assign_MKL.h" />
		<Unit filename="../classes/Eigen/src/Core/BandMatrix.h" />
		<Unit filename="../classes/Eigen/src/Core/Block.h" />
		<Unit filename="../classes/Eigen/src/Core/BooleanRedux.h" />
		<Unit filename="../classes/Eigen/src/Core/CommaInitializer.h" />
		<Unit filename="../classes/Eigen/src/Core/ConditionEstimator.h" />
		<Unit filename="../classes/Eigen/src/Core/CoreEvaluators.h" />
		<Unit filename="../classes/Eigen/src/Core/CoreIterators.h" />
		<Unit filename="../classes/Eigen/src/Core/CwiseBinaryOp.h" />
		<Unit filename="../classes/Eigen/src/Core/CwiseNullaryOp.h" />
		<Unit filename="../classes/Eigen/src/Core/CwiseTernaryOp.h" />
		<Unit filename="../classes/Eigen/src/Core/CwiseUnaryOp.h" />
		<Unit filename="../classes/Eigen/src/Core/CwiseUnaryView.h" />
		<Unit filename="../classes/Eigen/src/Core/DenseBase.h" />
		<Unit filename="../classes/Eigen/src/Core/DenseCoeffsBase.h" />
		<Unit filename="../classes/Eigen/src/Core/DenseStorage.h" />
		<Unit filename="../classes/Eigen/src/Core/Diagonal.h" />
		<Unit filename="../classes/Eigen/src/Core/DiagonalMatrix.h" />
		<Unit filename="../classes/Eigen/src/Core/DiagonalProduct.h" />
		<Unit filename="../classes/Eigen/src/Core/Dot.h" />
		<Unit filename="../classes/Eigen/src/Core/EigenBase.h" />
		<Unit filename="../classes/Eigen/src/Core/ForceAlignedAccess.h" />
		<Unit filename="../classes/Eigen/src/Core/Fuzzy.h" />
		<Unit filename="../classes/Eigen/src/Core/GeneralProduct.h" />
		<Unit filename="../classes/Eigen/src/Core/GenericPacketMath.h" />
		<Unit filename="../classes/Eigen/src/Core/GlobalFunctions.h" />
		<Unit filename="../classes/Eigen/src/Core/IO.h" />
		<Unit filename="../classes/Eigen/src/Core/Inverse.h" />
		<Unit filename="../classes/Eigen/src/Core/Map.h" />
		<Unit filename="../classes/Eigen/src/Core/MapBase.h" />
		<Unit filename="../classes/Eigen/src/Core/MathFunctions.h" />
		<Unit filename="../classes/Eigen/src/Core/MathFunctionsImpl.h" />
		<Unit filename="../classes/Eigen/src/Core/Matrix.h" />
		<Unit filename="../classes/Eigen/src/Core/MatrixBase.h" />
		<Unit filename="../classes/Eigen/src/Core/NestByValue.h" />
		<Unit filename="../classes/Eigen/src/Core/NoAlias.h" />
		<Unit filename="../classes/Eigen/src/Core/NumTraits.h" />
		<Unit filename="../classes/Eigen/src/Core/PermutationMatrix.h" />
		<Unit filename="../classes/Eigen/src/Core/PlainObjectBase.h" />
		<Unit filename="../classes/Eigen/src/Core/Product.h" />
		<Unit filename="../classes/Eigen/src/Core/ProductEvaluators.h" />
		<Unit filename="../classes/Eigen/src/Core/Random.h" />
		<Unit filename="../classes/Eigen/src/Core/Redux.h" />
		<Unit filename="../classes/Eigen/src/Core/Ref.h" />
		<Unit filename="../classes/Eigen/src/Core/Replicate.h" />
		<Unit filename="../classes/Eigen/src/Core/ReturnByValue.h" />
		<Unit filename="../classes/Eigen/src/Core/Reverse.h" />
		<Unit filename="../classes/Eigen/src/Core/Select.h" />
		<Unit filename="../classes/Eigen/src/Core/SelfAdjointView.h" />
		<Unit filename="../classes/Eigen/src/Core/SelfCwiseBinaryOp.h" />
		<Unit filename="../classes/Eigen/src/Core/Solve.h" />
		<Unit filename="../classes/Eigen/src/Core/SolveTriangular.h" />
		<Unit filename="../classes/Eigen/src/Core/SolverBase.h" />
		<Unit filename="../classes/Eigen/src/Core/StableNorm.h" />
		<Unit filename="../classes/Eigen/src/Core/Stride.h" />
		<Unit filename="../classes/Eigen/src/Core/Swap.h" />
		<Unit filename="../classes/Eigen/src/Core/Transpose.h" />
		<Unit filename="../classes/Eigen/src/Core/Transpositions.h" />
		<Unit filename="../classes/Eigen/src/Core/TriangularMatrix.h" />
		<Unit filename="../classes/Eigen/src/Core/VectorBlock.h" />
		<Unit filename="../classes/Eigen/src/Core/VectorwiseOp.h" />
		<Unit filename="../classes/Eigen/src/Core/Visitor.h" />
		<Unit filename="../classes/Eigen/src/Core/arch/AVX/Complex.h" />
		<Unit filename="../classes/Eigen/src/Core/arch/AVX/MathFunctions.h" />
		<Unit filename="../classes/Eigen/src/Core/arch/AVX/PacketMath.h" />
		<Unit filename="../classes/Eigen/src/Core/arch/AVX/TypeCasting.h" />
		<Unit filename="../classes/Eigen/src/Core/arch/AVX512/MathFunctions.h" />
		<Unit filename="../classes/Eigen/src/Core/arch/AVX512/PacketMath.h" />
		<Unit filename="../classes/Eigen/src/Core/arch/AltiVec/Complex.h" />
		<Unit filename="../classes/Eigen/src/Core/arch/AltiVec/MathFunctions.h" />
		<Unit filename="../classes/Eigen/src/Core/arch/AltiVec/PacketMath.h" />
		<Unit filename="../classes/Eigen/src/Core/arch/CUDA/Complex.h" />
		<Unit filename="../classes/Eigen/src/Core/arch/CUDA/Half.h" />
		<Unit filename="../classes/Eigen/src/Core/arch/CUDA/MathFunctions.h" />
		<Unit filename="../classes/Eigen/src/Core/arch/CUDA/PacketMath.h" />
		<Unit filename="../classes/Eigen/src/Core/arch/CUDA/PacketMathHalf.h" />
		<Unit filename="../classes/Eigen/src/Core/arch/CUDA/TypeCasting.h" />
		<Unit filename="../classes/Eigen/src/Core/arch/Default/ConjHelper.h" />
		<Unit filename="../classes/Eigen/src/Core/arch/Default/Settings.h" />
		<Unit filename="../classes/Eigen/src/Core/arch/NEON/Complex.h" />
		<Unit filename="../classes/Eigen/src/Core/arch/NEON/MathFunctions.h" />
		<Unit filename="../classes/Eigen/src/Core/arch/NEON/PacketMath.h" />
		<Unit filename="../classes/Eigen/src/Core/arch/SSE/Complex.h" />
		<Unit filename="../classes/Eigen/src/Core/arch/SSE/MathFunctions.h" />
		<Unit filename="../classes/Eigen/src/Core/arch/SSE/PacketMath.h" />
		<Unit filename="../classes/Eigen/src/Core/arch/SSE/TypeCasting.h" />
		<Unit filename="../classes/Eigen/src/Core/arch/ZVector/Complex.h" />
		<Unit filename="../classes/Eigen/src/Core/arch/ZVector/MathFunctions.h" />
		<Unit filename="../classes/Eigen/src/Core/arch/ZVector/PacketMath.h" />
		<Unit filename="../classes/Eigen/src/Core/functors/AssignmentFunctors.h" />
		<Unit filename="../classes/Eigen/src/Core/functors/BinaryFunctors.h" />
		<Unit filename="../classes/Eigen/src/Core/functors/NullaryFunctors.h" />
		<Unit filename="../classes/Eigen/src/Core/functors/StlFunctors.h" />
		<Unit filename="../classes/Eigen/src/Core/functors/TernaryFunctors.h" />
		<Unit filename="../classes/Eigen/src/Core/functors/UnaryFunctors.h" />
		<Unit filename="../classes/Eigen/src/Core/products/GeneralBlockPanelKernel.h" />
		<Unit filename="../classes/Eigen/src/Core/products/GeneralMatrixMatrix.h" />
		<Unit filename="../classes/Eigen/src/Core/products/GeneralMatrixMatrixTriangular.h" />
		<Unit filename="../classes/Eigen/src/Core/products/GeneralMatrixMatrixTriangular_BLAS.h" />
		<Unit filename="../classes/Eigen/src/Core/products/GeneralMatrixMatrix_BLAS.h" />
		<Unit filename="../classes/Eigen/src/Core/products/GeneralMatrixVector.h" />
		<Unit filename="../classes/Eigen/src/Core/products/GeneralMatrixVector_BLAS.h" />
		<Unit filename="../classes/Eigen/src/Core/products/Parallelizer.h" />
		<Unit filename="../classes/Eigen/src/Core/products/SelfadjointMatrixMatrix.h" />
		<Unit filename="../classes/Eigen/src/Core/products/SelfadjointMatrixMatrix_BLAS.h" />
		<Unit filename="../classes/Eigen/src/Core/products/SelfadjointMatrixVector.h" />
		<Unit filename="../classes/Eigen/src/Core/products/SelfadjointMatrixVector_BLAS.h" />
		<Unit filename="../classes/Eigen/src/Core/products/SelfadjointProduct.h" />
		<Unit filename="../classes/Eigen/src/Core/products/SelfadjointRank2Update.h" />
		<Unit filename="../classes/Eigen/src/Core/products/TriangularMatrixMatrix.h" />
		<Unit filename="../classes/Eigen/src/Core/products/TriangularMatrixMatrix_BLAS.h" />
		<Unit filename="../classes/Eigen/src/Core/products/TriangularMatrixVector.h" />
		<Unit filename="../classes/Eigen/src/Core/products/TriangularMatrixVector_BLAS.h" />
		<Unit filename="../classes/Eigen/src/Core/products/TriangularSolverMatrix.h" />
		<Unit filename="../classes/Eigen/src/Core/products/TriangularSolverMatrix_BLAS.h" />
		<Unit filename="../classes/Eigen/src/Core/products/TriangularSolverVector.h" />
		<Unit filename="../classes/Eigen/src/Core/util/BlasUtil.h" />
		<Unit filename="../classes/Eigen/src/Core/util/Constants.h" />
		<Unit filename="../classes/Eigen/src/Core/util/DisableStupidWarnings.h" />
		<Unit filename="../classes/Eigen/src/Core/util/ForwardDeclarations.h" />
		<Unit filename="../classes/Eigen/src/Core/util/MKL_support.h" />
		<Unit filename="../classes/Eigen/src/Core/util/Macros.h" />
		<Unit filename="../classes/Eigen/src/Core/util/Memory.h" />
		<Unit filename="../classes/Eigen/src/Core/util/Meta.h" />
		<Unit filename="../classes/Eigen/src/Core/util/NonMPL2.h" />
		<Unit filename="../classes/Eigen/src/Core/util/ReenableStupidWarnings.h" />
		<Unit filename="../classes/Eigen/src/Core/util/StaticAssert.h" />
		<Unit filename="../classes/Eigen/src/Core/util/XprHelper.h" />
		<Unit filename="../classes/Eigen/src/Eigenvalues/ComplexEigenSolver.h" />
		<Unit filename="../classes/Eigen/src/Eigenvalues/ComplexSchur.h" />
		<Unit filename="../classes/Eigen/src/Eigenvalues/ComplexSchur_LAPACKE.h" />
		<Unit filename="../classes/Eigen/src/Eigenvalues/EigenSolver.h" />
		<Unit filename="../classes/Eigen/src/Eigenvalues/GeneralizedEigenSolver.h" />
		<Unit filename="../classes/Eigen/src/Eigenvalues/GeneralizedSelfAdjointEigenSolver.h" />
		<Unit filename="../classes/Eigen/src/Eigenvalues/HessenbergDecomposition.h" />
		<Unit filename="../classes/Eigen/src/Eigenvalues/MatrixBaseEigenvalues.h" />
		<Unit filename="../classes/Eigen/src/Eigenvalues/RealQZ.h" />
		<Unit filename="../classes/Eigen/src/Eigenvalues/RealSchur.h" />
		<Unit filename="../classes/Eigen/src/Eigenvalues/RealSchur_LAPACKE.h" />
		<Unit filename="../classes/Eigen/src/Eigenvalues/SelfAdjointEigenSolver.h" />
		<Unit filename="../classes/Eigen/src/Eigenvalues/SelfAdjointEigenSolver_LAPACKE.h" />
		<Unit filename="../classes/Eigen/src/Eigenvalues/Tridiagonalization.h" />
		<Unit filename="../classes/Eigen/src/Geometry/AlignedBox.h" />
		<Unit filename="../classes/Eigen/src/Geometry/AngleAxis.h" />
		<Unit filename="../classes/Eigen/src/Geometry/EulerAngles.h" />
		<Unit filename="../classes/Eigen/src/Geometry/Homogeneous.h" />
		<Unit filename="../classes/Eigen/src/Geometry/Hyperplane.h" />
		<Unit filename="../classes/Eigen/src/Geometry/OrthoMethods.h" />
		<Unit filename="../classes/Eigen/src/Geometry/ParametrizedLine.h" />
		<Unit filename="../classes/Eigen/src/Geometry/Quaternion.h" />
		<Unit filename="../classes/Eigen/src/Geometry/Rotation2D.h" />
		<Unit filename="../classes/Eigen/src/Geometry/RotationBase.h" />
		<Unit filename="../classes/Eigen/src/Geometry/Scaling.h" />
		<Unit filename="../classes/Eigen/src/Geometry/Transform.h" />
		<Unit filename="../classes/Eigen/src/Geometry/Translation.h" />
		<Unit filename="../classes/Eigen/src/Geometry/Umeyama.h" />
		<Unit filename="../classes/Eigen/src/Geometry/arch/Geometry_SSE.h" />
		<Unit filename="../classes/Eigen/src/Householder/BlockHouseholder.h" />
		<Unit filename="../classes/Eigen/src/Householder/Householder.h" />
		<Unit filename="../classes/Eigen/src/Householder/HouseholderSequence.h" />
		<Unit filename="../classes/Eigen/src/IterativeLinearSolvers/BasicPreconditioners.h" />
		<Unit filename="../classes/Eigen/src/IterativeLinearSolvers/BiCGSTAB.h" />
		<Unit filename="../classes/Eigen/src/IterativeLinearSolvers/ConjugateGradient.h" />
		<Unit filename="../classes/Eigen/src/IterativeLinearSolvers/IncompleteCholesky.h" />
		<Unit filename="../classes/Eigen/src/IterativeLinearSolvers/IncompleteLUT.h" />
		<Unit filename="../classes/Eigen/src/IterativeLinearSolvers/IterativeSolverBase.h" />
		<Unit filename="../classes/Eigen/src/IterativeLinearSolvers/LeastSquareConjugateGradient.h" />
		<Unit filename="../classes/Eigen/src/IterativeLinearSolvers/SolveWithGuess.h" />
		<Unit filename="../classes/Eigen/src/Jacobi/Jacobi.h" />
		<Unit filename="../classes/Eigen/src/LU/Determinant.h" />
		<Unit filename="../classes/Eigen/src/LU/FullPivLU.h" />
		<Unit filename="../classes/Eigen/src/LU/InverseImpl.h" />
		<Unit filename="../classes/Eigen/src/LU/PartialPivLU.h" />
		<Unit filename="../classes/Eigen/src/LU/PartialPivLU_LAPACKE.h" />
		<Unit filename="../classes/Eigen/src/LU/arch/Inverse_SSE.h" />
		<Unit filename="../classes/Eigen/src/MetisSupport/MetisSupport.h" />
		<Unit filename="../classes/Eigen/src/OrderingMethods/Amd.h" />
		<Unit filename="../classes/Eigen/src/OrderingMethods/Eigen_Colamd.h" />
		<Unit filename="../classes/Eigen/src/OrderingMethods/Ordering.h" />
		<Unit filename="../classes/Eigen/src/PaStiXSupport/PaStiXSupport.h" />
		<Unit filename="../classes/Eigen/src/PardisoSupport/PardisoSupport.h" />
		<Unit filename="../classes/Eigen/src/QR/ColPivHouseholderQR.h" />
		<Unit filename="../classes/Eigen/src/QR/ColPivHouseholderQR_LAPACKE.h" />
		<Unit filename="../classes/Eigen/src/QR/CompleteOrthogonalDecomposition.h" />
		<Unit filename="../classes/Eigen/src/QR/FullPivHouseholderQR.h" />
		<Unit filename="../classes/Eigen/src/QR/HouseholderQR.h" />
		<Unit filename="../classes/Eigen/src/QR/HouseholderQR_LAPACKE.h" />
		<Unit filename="../classes/Eigen/src/SPQRSupport/SuiteSparseQRSupport.h" />
		<Unit filename="../classes/Eigen/src/SVD/BDCSVD.h" />
		<Unit filename="../classes/Eigen/src/SVD/JacobiSVD.h" />
		<Unit filename="../classes/Eigen/src/SVD/JacobiSVD_LAPACKE.h" />
		<Unit filename="../classes/Eigen/src/SVD/SVDBase.h" />
		<Unit filename="../classes/Eigen/src/SVD/UpperBidiagonalization.h" />
		<Unit filename="../classes/Eigen/src/SparseCholesky/SimplicialCholesky.h" />
		<Unit filename="../classes/Eigen/src/SparseCholesky/SimplicialCholesky_impl.h" />
		<Unit filename="../classes/Eigen/src/SparseCore/AmbiVector.h" />
		<Unit filename="../classes/Eigen/src/SparseCore/CompressedStorage.h" />
		<Unit filename="../classes/Eigen/src/SparseCore/ConservativeSparseSparseProduct.h" />
		<Unit filename="../classes/Eigen/src/SparseCore/MappedSparseMatrix.h" />
		<Unit filename="../classes/Eigen/src/SparseCore/SparseAssign.h" />
		<Unit filename="../classes/Eigen/src/SparseCore/SparseBlock.h" />
		<Unit filename="../classes/Eigen/src/SparseCore/SparseColEtree.h" />
		<Unit filename="../classes/Eigen/src/SparseCore/SparseCompressedBase.h" />
		<Unit filename="../classes/Eigen/src/SparseCore/SparseCwiseBinaryOp.h" />
		<Unit filename="../classes/Eigen/src/SparseCore/SparseCwiseUnaryOp.h" />
		<Unit filename="../classes/Eigen/src/SparseCore/SparseDenseProduct.h" />
		<Unit filename="../classes/Eigen/src/SparseCore/SparseDiagonalProduct.h" />
		<Unit filename="../classes/Eigen/src/SparseCore/SparseDot.h" />
		<Unit filename="../classes/Eigen/src/SparseCore/SparseFuzzy.h" />
		<Unit filename="../classes/Eigen/src/SparseCore/SparseMap.h" />
		<Unit filename="../classes/Eigen/src/SparseCore/SparseMatrix.h" />
		<Unit filename="../classes/Eigen/src/SparseCore/SparseMatrixBase.h" />
		<Unit filename="../classes/Eigen/src/SparseCore/SparsePermutation.h" />
		<Unit filename="../classes/Eigen/src/SparseCore/SparseProduct.h" />
		<Unit filename="../classes/Eigen/src/SparseCore/SparseRedux.h" />
		<Unit filename="../classes/Eigen/src/SparseCore/SparseRef.h" />
		<Unit filename="../classes/Eigen/src/SparseCore/SparseSelfAdjointView.h" />
		<Unit filename="../classes/Eigen/src/SparseCore/SparseSolverBase.h" />
		<Unit filename="../classes/Eigen/src/SparseCore/SparseSparseProductWithPruning.h" />
		<Unit filename="../classes/Eigen/src/SparseCore/SparseTranspose.h" />
		<Unit filename="../classes/Eigen/src/SparseCore/SparseTriangularView.h" />
		<Unit filename="../classes/Eigen/src/SparseCore/SparseUtil.h" />
		<Unit filename="../classes/Eigen/src/SparseCore/SparseVector.h" />
		<Unit filename="../classes/Eigen/src/SparseCore/SparseView.h" />
		<Unit filename="../classes/Eigen/src/SparseCore/TriangularSolver.h" />
		<Unit filename="../classes/Eigen/src/SparseLU/SparseLU.h" />
		<Unit filename="../classes/Eigen/src/SparseLU/SparseLUImpl.h" />
		<Unit filename="../classes/Eigen/src/SparseLU/SparseLU_Memory.h" />
		<Unit filename="../classes/Eigen/src/SparseLU/SparseLU_Structs.h" />
		<Unit filename="../classes/Eigen/src/SparseLU/SparseLU_SupernodalMatrix.h" />
		<Unit filename="../classes/Eigen/src/SparseLU/SparseLU_Utils.h" />
		<Unit filename="../classes/Eigen/src/SparseLU/SparseLU_column_bmod.h" />
		<Unit filename="../classes/Eigen/src/SparseLU/SparseLU_column_dfs.h" />
		<Unit filename="../classes/Eigen/src/SparseLU/SparseLU_copy_to_ucol.h" />
		<Unit filename="../classes/Eigen/src/SparseLU/SparseLU_gemm_kernel.h" />
		<Unit filename="../classes/Eigen/src/SparseLU/SparseLU_heap_relax_snode.h" />
		<Unit filename="../classes/Eigen/src/SparseLU/SparseLU_kernel_bmod.h" />
		<Unit filename="../classes/Eigen/src/SparseLU/SparseLU_panel_bmod.h" />
		<Unit filename="../classes/Eigen/src/SparseLU/SparseLU_panel_dfs.h" />
		<Unit filename="../classes/Eigen/src/SparseLU/SparseLU_pivotL.h" />
		<Unit filename="../classes/Eigen/src/SparseLU/SparseLU_pruneL.h" />
		<Unit filename="../classes/Eigen/src/SparseLU/SparseLU_relax_snode.h" />
		<Unit filename="../classes/Eigen/src/SparseQR/SparseQR.h" />
		<Unit filename="../classes/Eigen/src/StlSupport/StdDeque.h" />
		<Unit filename="../classes/Eigen/src/StlSupport/StdList.h" />
		<Unit filename="../classes/Eigen/src/StlSupport/StdVector.h" />
		<Unit filename="../classes/Eigen/src/StlSupport/details.h" />
		<Unit filename="../classes/Eigen/src/SuperLUSupport/SuperLUSupport.h" />
		<Unit filename="../classes/Eigen/src/UmfPackSupport/UmfPackSupport.h" />
		<Unit filename="../classes/Eigen/src/misc/Image.h" />
		<Unit filename="../classes/Eigen/src/misc/Kernel.h" />
		<Unit filename="../classes/Eigen/src/misc/RealSvd2x2.h" />
		<Unit filename="../classes/Eigen/src/misc/blas.h" />
		<Unit filename="../classes/Eigen/src/misc/lapack.h" />
		<Unit filename="../classes/Eigen/src/misc/lapacke.h" />
		<Unit filename="../classes/Eigen/src/misc/lapacke_mangling.h" />
		<Unit filename="../classes/Eigen/src/plugins/ArrayCwiseBinaryOps.h" />
		<Unit filename="../classes/Eigen/src/plugins/ArrayCwiseUnaryOps.h" />
		<Unit filename="../classes/Eigen/src/plugins/BlockMethods.h" />
		<Unit filename="../classes/Eigen/src/plugins/CommonCwiseBinaryOps.h" />
		<Unit filename="../classes/Eigen/src/plugins/CommonCwiseUnaryOps.h" />
		<Unit filename="../classes/Eigen/src/plugins/MatrixCwiseBinaryOps.h" />
		<Unit filename="../classes/Eigen/src/plugins/MatrixCwiseUnaryOps.h" />
		<Unit filename="../classes/Eigen/unsupported/CXX11/src/Tensor/Tensor.h" />
		<Unit filename="../classes/Eigen/unsupported/CXX11/src/Tensor/TensorArgMax.h" />
		<Unit filename="../classes/Eigen/unsupported/CXX11/src/Tensor/TensorAssign.h" />
		<Unit filename="../classes/Eigen/unsupported/CXX11/src/Tensor/TensorBase.h" />
		<Unit filename="../classes/Eigen/unsupported/CXX11/src/Tensor/TensorBroadcasting.h" />
		<Unit filename="../classes/Eigen/unsupported/CXX11/src/Tensor/TensorChipping.h" />
		<Unit filename="../classes/Eigen/unsupported/CXX11/src/Tensor/TensorConcatenation.h" />
		<Unit filename="../classes/Eigen/unsupported/CXX11/src/Tensor/TensorContraction.h" />
		<Unit filename="../classes/Eigen/unsupported/CXX11/src/Tensor/TensorContractionBlocking.h" />
		<Unit filename="../classes/Eigen/unsupported/CXX11/src/Tensor/TensorContractionCuda.h" />
		<Unit filename="../classes/Eigen/unsupported/CXX11/src/Tensor/TensorContractionMapper.h" />
		<Unit filename="../classes/Eigen/unsupported/CXX11/src/Tensor/TensorContractionThreadPool.h" />
		<Unit filename="../classes/Eigen/unsupported/CXX11/src/Tensor/TensorConversion.h" />
		<Unit filename="../classes/Eigen/unsupported/CXX11/src/Tensor/TensorConvolution.h" />
		<Unit filename="../classes/Eigen/unsupported/CXX11/src/Tensor/TensorCostModel.h" />
		<Unit filename="../classes/Eigen/unsupported/CXX11/src/Tensor/TensorCustomOp.h" />
		<Unit filename="../classes/Eigen/unsupported/CXX11/src/Tensor/TensorDevice.h" />
		<Unit filename="../classes/Eigen/unsupported/CXX11/src/Tensor/TensorDeviceCuda.h" />
		<Unit filename="../classes/Eigen/unsupported/CXX11/src/Tensor/TensorDeviceDefault.h" />
		<Unit filename="../classes/Eigen/unsupported/CXX11/src/Tensor/TensorDeviceSycl.h" />
		<Unit filename="../classes/Eigen/unsupported/CXX11/src/Tensor/TensorDeviceThreadPool.h" />
		<Unit filename="../classes/Eigen/unsupported/CXX11/src/Tensor/TensorDimensionList.h" />
		<Unit filename="../classes/Eigen/unsupported/CXX11/src/Tensor/TensorDimensions.h" />
		<Unit filename="../classes/Eigen/unsupported/CXX11/src/Tensor/TensorEvalTo.h" />
		<Unit filename="../classes/Eigen/unsupported/CXX11/src/Tensor/TensorEvaluator.h" />
		<Unit filename="../classes/Eigen/unsupported/CXX11/src/Tensor/TensorExecutor.h" />
		<Unit filename="../classes/Eigen/unsupported/CXX11/src/Tensor/TensorExpr.h" />
		<Unit filename="../classes/Eigen/unsupported/CXX11/src/Tensor/TensorFFT.h" />
		<Unit filename="../classes/Eigen/unsupported/CXX11/src/Tensor/TensorFixedSize.h" />
		<Unit filename="../classes/Eigen/unsupported/CXX11/src/Tensor/TensorForcedEval.h" />
		<Unit filename="../classes/Eigen/unsupported/CXX11/src/Tensor/TensorForwardDeclarations.h" />
		<Unit filename="../classes/Eigen/unsupported/CXX11/src/Tensor/TensorFunctors.h" />
		<Unit filename="../classes/Eigen/unsupported/CXX11/src/Tensor/TensorGenerator.h" />
		<Unit filename="../classes/Eigen/unsupported/CXX11/src/Tensor/TensorGlobalFunctions.h" />
		<Unit filename="../classes/Eigen/unsupported/CXX11/src/Tensor/TensorIO.h" />
		<Unit filename="../classes/Eigen/unsupported/CXX11/src/Tensor/TensorImagePatch.h" />
		<Unit filename="../classes/Eigen/unsupported/CXX11/src/Tensor/TensorIndexList.h" />
		<Unit filename="../classes/Eigen/unsupported/CXX11/src/Tensor/TensorInflation.h" />
		<Unit filename="../classes/Eigen/unsupported/CXX11/src/Tensor/TensorInitializer.h" />
		<Unit filename="../classes/Eigen/unsupported/CXX11/src/Tensor/TensorIntDiv.h" />
		<Unit filename="../classes/Eigen/unsupported/CXX11/src/Tensor/TensorLayoutSwap.h" />
		<Unit filename="../classes/Eigen/unsupported/CXX11/src/Tensor/TensorMacros.h" />
		<Unit filename="../classes/Eigen/unsupported/CXX11/src/Tensor/TensorMap.h" />
		<Unit filename="../classes/Eigen/unsupported/CXX11/src/Tensor/TensorMeta.h" />
		<Unit filename="../classes/Eigen/unsupported/CXX11/src/Tensor/TensorMorphing.h" />
		<Unit filename="../classes/Eigen/unsupported/CXX11/src/Tensor/TensorPadding.h" />
		<Unit filename="../classes/Eigen/unsupported/CXX11/src/Tensor/TensorPatch.h" />
		<Unit filename="../classes/Eigen/unsupported/CXX11/src/Tensor/TensorRandom.h" />
		<Unit filename="../classes/Eigen/unsupported/CXX11/src/Tensor/TensorReduction.h" />
		<Unit filename="../classes/Eigen/unsupported/CXX11/src/Tensor/TensorReductionCuda.h" />
		<Unit filename="../classes/Eigen/unsupported/CXX11/src/Tensor/TensorReductionSycl.h" />
		<Unit filename="../classes/Eigen/unsupported/CXX11/src/Tensor/TensorRef.h" />
		<Unit filename="../classes/Eigen/unsupported/CXX11/src/Tensor/TensorReverse.h" />
		<Unit filename="../classes/Eigen/unsupported/CXX11/src/Tensor/TensorScan.h" />
		<Unit filename="../classes/Eigen/unsupported/CXX11/src/Tensor/TensorShuffling.h" />
		<Unit filename="../classes/Eigen/unsupported/CXX11/src/Tensor/TensorStorage.h" />
		<Unit filename="../classes/Eigen/unsupported/CXX11/src/Tensor/TensorStriding.h" />
		<Unit filename="../classes/Eigen/unsupported/CXX11/src/Tensor/TensorSycl.h" />
		<Unit filename="../classes/Eigen/unsupported/CXX11/src/Tensor/TensorSyclConvertToDeviceExpression.h" />
		<Unit filename="../classes/Eigen/unsupported/CXX11/src/Tensor/TensorSyclExprConstructor.h" />
		<Unit filename="../classes/Eigen/unsupported/CXX11/src/Tensor/TensorSyclExtractAccessor.h" />
		<Unit filename="../classes/Eigen/unsupported/CXX11/src/Tensor/TensorSyclExtractFunctors.h" />
		<Unit filename="../classes/Eigen/unsupported/CXX11/src/Tensor/TensorSyclLeafCount.h" />
		<Unit filename="../classes/Eigen/unsupported/CXX11/src/Tensor/TensorSyclPlaceHolderExpr.h" />
		<Unit filename="../classes/Eigen/unsupported/CXX11/src/Tensor/TensorSyclRun.h" />
		<Unit filename="../classes/Eigen/unsupported/CXX11/src/Tensor/TensorSyclTuple.h" />
		<Unit filename="../classes/Eigen/unsupported/CXX11/src/Tensor/TensorTraits.h" />
		<Unit filename="../classes/Eigen/unsupported/CXX11/src/Tensor/TensorUInt128.h" />
		<Unit filename="../classes/Eigen/unsupported/CXX11/src/Tensor/TensorVolumePatch.h" />
		<Unit filename="../classes/Eigen/unsupported/CXX11/src/TensorSymmetry/DynamicSymmetry.h" />
		<Unit filename="../classes/Eigen/unsupported/CXX11/src/TensorSymmetry/StaticSymmetry.h" />
		<Unit filename="../classes/Eigen/unsupported/CXX11/src/TensorSymmetry/Symmetry.h" />
		<Unit filename="../classes/Eigen/unsupported/CXX11/src/TensorSymmetry/util/TemplateGroupTheory.h" />
		<Unit filename="../classes/Eigen/unsupported/CXX11/src/ThreadPool/EventCount.h" />
		<Unit filename="../classes/Eigen/unsupported/CXX11/src/ThreadPool/NonBlockingThreadPool.h" />
		<Unit filename="../classes/Eigen/unsupported/CXX11/src/ThreadPool/RunQueue.h" />
		<Unit filename="../classes/Eigen/unsupported/CXX11/src/ThreadPool/SimpleThreadPool.h" />
		<Unit filename="../classes/Eigen/unsupported/CXX11/src/ThreadPool/ThreadEnvironment.h" />
		<Unit filename="../classes/Eigen/unsupported/CXX11/src/ThreadPool/ThreadLocal.h" />
		<Unit filename="../classes/Eigen/unsupported/CXX11/src/ThreadPool/ThreadPoolInterface.h" />
		<Unit filename="../classes/Eigen/unsupported/CXX11/src/ThreadPool/ThreadYield.h" />
		<Unit filename="../classes/Eigen/unsupported/CXX11/src/util/CXX11Meta.h" />
		<Unit filename="../classes/Eigen/unsupported/CXX11/src/util/CXX11Workarounds.h" />
		<Unit filename="../classes/Eigen/unsupported/CXX11/src/util/EmulateArray.h" />
		<Unit filename="../classes/Eigen/unsupported/CXX11/src/util/EmulateCXX11Meta.h" />
		<Unit filename="../classes/Eigen/unsupported/CXX11/src/util/MaxSizeVector.h" />
		<Unit filename="../classes/Eigen/unsupported/src/AutoDiff/AutoDiffJacobian.h" />
		<Unit filename="../classes/Eigen/unsupported/src/AutoDiff/AutoDiffScalar.h" />
		<Unit filename="../classes/Eigen/unsupported/src/AutoDiff/AutoDiffVector.h" />
		<Unit filename="../classes/Eigen/unsupported/src/BVH/BVAlgorithms.h" />
		<Unit filename="../classes/Eigen/unsupported/src/BVH/KdBVH.h" />
		<Unit filename="../classes/Eigen/unsupported/src/Eigenvalues/ArpackSelfAdjointEigenSolver.h" />
		<Unit filename="../classes/Eigen/unsupported/src/EulerAngles/EulerAngles.h" />
		<Unit filename="../classes/Eigen/unsupported/src/EulerAngles/EulerSystem.h" />
		<Unit filename="../classes/Eigen/unsupported/src/FFT/ei_fftw_impl.h" />
		<Unit filename="../classes/Eigen/unsupported/src/FFT/ei_kissfft_impl.h" />
		<Unit filename="../classes/Eigen/unsupported/src/IterativeSolvers/ConstrainedConjGrad.h" />
		<Unit filename="../classes/Eigen/unsupported/src/IterativeSolvers/DGMRES.h" />
		<Unit filename="../classes/Eigen/unsupported/src/IterativeSolvers/GMRES.h" />
		<Unit filename="../classes/Eigen/unsupported/src/IterativeSolvers/IncompleteLU.h" />
		<Unit filename="../classes/Eigen/unsupported/src/IterativeSolvers/IterationController.h" />
		<Unit filename="../classes/Eigen/unsupported/src/IterativeSolvers/MINRES.h" />
		<Unit filename="../classes/Eigen/unsupported/src/IterativeSolvers/Scaling.h" />
		<Unit filename="../classes/Eigen/unsupported/src/KroneckerProduct/KroneckerTensorProduct.h" />
		<Unit filename="../classes/Eigen/unsupported/src/LevenbergMarquardt/LMcovar.h" />
		<Unit filename="../classes/Eigen/unsupported/src/LevenbergMarquardt/LMonestep.h" />
		<Unit filename="../classes/Eigen/unsupported/src/LevenbergMarquardt/LMpar.h" />
		<Unit filename="../classes/Eigen/unsupported/src/LevenbergMarquardt/LMqrsolv.h" />
		<Unit filename="../classes/Eigen/unsupported/src/LevenbergMarquardt/LevenbergMarquardt.h" />
		<Unit filename="../classes/Eigen/unsupported/src/MatrixFunctions/MatrixExponential.h" />
		<Unit filename="../classes/Eigen/unsupported/src/MatrixFunctions/MatrixFunction.h" />
		<Unit filename="../classes/Eigen/unsupported/src/MatrixFunctions/MatrixLogarithm.h" />
		<Unit filename="../classes/Eigen/unsupported/src/MatrixFunctions/MatrixPower.h" />
		<Unit filename="../classes/Eigen/unsupported/src/MatrixFunctions/MatrixSquareRoot.h" />
		<Unit filename="../classes/Eigen/unsupported/src/MatrixFunctions/StemFunction.h" />
		<Unit filename="../classes/Eigen/unsupported/src/MoreVectorization/MathFunctions.h" />
		<Unit filename="../classes/Eigen/unsupported/src/NonLinearOptimization/HybridNonLinearSolver.h" />
		<Unit filename="../classes/Eigen/unsupported/src/NonLinearOptimization/LevenbergMarquardt.h" />
		<Unit filename="../classes/Eigen/unsupported/src/NonLinearOptimization/chkder.h" />
		<Unit filename="../classes/Eigen/unsupported/src/NonLinearOptimization/covar.h" />
		<Unit filename="../classes/Eigen/unsupported/src/NonLinearOptimization/dogleg.h" />
		<Unit filename="../classes/Eigen/unsupported/src/NonLinearOptimization/fdjac1.h" />
		<Unit filename="../classes/Eigen/unsupported/src/NonLinearOptimization/lmpar.h" />
		<Unit filename="../classes/Eigen/unsupported/src/NonLinearOptimization/qrsolv.h" />
		<Unit filename="../classes/Eigen/unsupported/src/NonLinearOptimization/r1mpyq.h" />
		<Unit filename="../classes/Eigen/unsupported/src/NonLinearOptimization/r1updt.h" />
		<Unit filename="../classes/Eigen/unsupported/src/NonLinearOptimization/rwupdt.h" />
		<Unit filename="../classes/Eigen/unsupported/src/NumericalDiff/NumericalDiff.h" />
		<Unit filename="../classes/Eigen/unsupported/src/Polynomials/Companion.h" />
		<Unit filename="../classes/Eigen/unsupported/src/Polynomials/PolynomialSolver.h" />
		<Unit filename="../classes/Eigen/unsupported/src/Polynomials/PolynomialUtils.h" />
		<Unit filename="../classes/Eigen/unsupported/src/Skyline/SkylineInplaceLU.h" />
		<Unit filename="../classes/Eigen/unsupported/src/Skyline/SkylineMatrix.h" />
		<Unit filename="../classes/Eigen/unsupported/src/Skyline/SkylineMatrixBase.h" />
		<Unit filename="../classes/Eigen/unsupported/src/Skyline/SkylineProduct.h" />
		<Unit filename="../classes/Eigen/unsupported/src/Skyline/SkylineStorage.h" />
		<Unit filename="../classes/Eigen/unsupported/src/Skyline/SkylineUtil.h" />
		<Unit filename="../classes/Eigen/unsupported/src/SparseExtra/BlockOfDynamicSparseMatrix.h" />
		<Unit filename="../classes/Eigen/unsupported/src/SparseExtra/BlockSparseMatrix.h" />
		<Unit filename="../classes/Eigen/unsupported/src/SparseExtra/DynamicSparseMatrix.h" />
		<Unit filename="../classes/Eigen/unsupported/src/SparseExtra/MarketIO.h" />
		<Unit filename="../classes/Eigen/unsupported/src/SparseExtra/MatrixMarketIterator.h" />
		<Unit filename="../classes/Eigen/unsupported/src/SparseExtra/RandomSetter.h" />
		<Unit filename="../classes/Eigen/unsupported/src/SpecialFunctions/SpecialFunctionsArrayAPI.h" />
		<Unit filename="../classes/Eigen/unsupported/src/SpecialFunctions/SpecialFunctionsFunctors.h" />
		<Unit filename="../classes/Eigen/unsupported/src/SpecialFunctions/SpecialFunctionsHalf.h" />
		<Unit filename="../classes/Eigen/unsupported/src/SpecialFunctions/SpecialFunctionsImpl.h" />
		<Unit filename="../classes/Eigen/unsupported/src/SpecialFunctions/SpecialFunctionsPacketMath.h" />
		<Unit filename="../classes/Eigen/unsupported/src/SpecialFunctions/arch/CUDA/CudaSpecialFunctions.h" />
		<Unit filename="../classes/Eigen/unsupported/src/Splines/Spline.h" />
		<Unit filename="../classes/Eigen/unsupported/src/Splines/SplineFitting.h" />
		<Unit filename="../classes/Eigen/unsupported/src/Splines/SplineFwd.h" />
		<Unit filename="../classes/GenericDomain.cpp" />
		<Unit filename="../classes/GenericDomain.hpp" />
		<Unit filename="../classes/GenericMesh.cpp" />
		<Unit filename="../classes/GenericMesh.hpp" />
		<Unit filename="../classes/Intersector1D1D.cpp" />
		<Unit filename="../classes/Intersector1D1D.hpp" />
		<Unit filename="../classes/Intersector2D1D.cpp" />
		<Unit filename="../classes/Intersector2D1D.hpp" />
		<Unit filename="../classes/Intersector2D2D.cpp" />
		<Unit filename="../classes/Intersector2D2D.hpp" />
		<Unit filename="../classes/MacroDefinitions.hpp" />
		<Unit filename="../classes/MeshImport_Tetgen.cpp" />
		<Unit filename="../classes/MeshImport_Tetgen.hpp" />
		<Unit filename="../classes/Output.cpp" />
		<Unit filename="../classes/Output.hpp" />
		<Unit filename="../classes/RefinerTetra.cpp" />
		<Unit filename="../classes/RefinerTetra.hpp" />
		<Unit filename="../classes/predicates.cxx" />
		<Unit filename="../classes/tetgen.cxx" />
		<Unit filename="../classes/tetgen.h" />
		<Unit filename="main.cpp" />
		<Extensions />
	</Project>
</CodeBlocks_project_file>
